github.com/Rhymond/go-money v0.4.0 h1:BJCu6q0mQUoKfcKf6OmBa8IO70WJBCH17mBe5+01Wn4=
github.com/Rhymond/go-money v0.4.0/go.mod h1:ihsrGugjgJuMC5EmqEAEMtX59eGEPZtS8efxrQSHDNA=
github.com/bitfinexcom/bitfinex-api-go v0.0.0-20191125162309-765ab3684a8b h1:58082aEFsSZCSkLV8dvsxsyPVOHAlJMNAArqd7tHFns=
github.com/bitfinexcom/bitfinex-api-go v0.0.0-20191125162309-765ab3684a8b/go.mod h1:foUkJI2OXtMQMJY3ga1JBETz5dCCAsvFKEvL6VJHe+U=
github.com/gorilla/websocket v1.4.1 h1:q7AeDBpnBk8AogcD4DSag/Ukw/KV+YhzLj2bP5HvKCM=
github.com/gorilla/websocket v1.4.1/go.mod h1:YR8l580nyteQvAITg2hZ9XVh4b55+EU/adAjf1fMHhE=
github.com/op/go-logging v0.0.0-20160315200505-970db520ece7 h1:lDH9UUVJtmYCjyT0CI4q8xvlXPxeZ0gYCVvWbmPlp88=
github.com/op/go-logging v0.0.0-20160315200505-970db520ece7/go.mod h1:HzydrMdWErDVzsI23lYNej1Htcns9BCg93Dk0bBINWk=
github.com/sacOO7/go-logger v0.0.0-20180719173527-9ac9add5a50d h1:5T+fbRuQbpi+WZtB2yfuu59r00F6T2HV/zGYrwX8nvE=
github.com/sacOO7/go-logger v0.0.0-20180719173527-9ac9add5a50d/go.mod h1:L5EJe2k8GwpBoGXDRLAEs58R239jpZuE7NNEtW+T7oo=
github.com/sacOO7/gowebsocket v0.0.0-20180719182212-1436bb906a4e h1:yG1sLAkFltiFiwIpKdiA2CVIPxRL4P9OywNnfq45ivg=
github.com/sacOO7/gowebsocket v0.0.0-20180719182212-1436bb906a4e/go.mod h1:4a2a9BlxB807BaME8FJzQRLrZwYKj0cWjon25PlIssM=
